
Microsoft Visual Studio Solution File, Format Version 11.00
# Visual Studio 2010
Project("{FAE04EC0-301F-11D3-BF4B-00C04F79EFBC}") = "Squawkings", "Squawkings\Squawkings.csproj", "{77E94BD9-918F-4FAB-9093-25031BDF4CEA}"
EndProject
Project("{FAE04EC0-301F-11D3-BF4B-00C04F79EFBC}") = "Squawkings.Tests", "Squawkings.Tests\Squawkings.Tests.csproj", "{9D194EAE-6868-45BA-9DEF-6B9475C9DA19}"
EndProject
Project("{2150E333-8FDC-42A3-9474-1A3956D46DE8}") = ".nuget", ".nuget", "{39ECFE99-C715-49E0-A470-012E7F1DD55F}"
EndProject
Global
	GlobalSection(SolutionConfigurationPlatforms) = preSolution
		Debug|Any CPU = Debug|Any CPU
		Release|Any CPU = Release|Any CPU
	EndGlobalSection
	GlobalSection(ProjectConfigurationPlatforms) = postSolution
		{77E94BD9-918F-4FAB-9093-25031BDF4CEA}.Debug|Any CPU.ActiveCfg = Debug|Any CPU
		{77E94BD9-918F-4FAB-9093-25031BDF4CEA}.Debug|Any CPU.Build.0 = Debug|Any CPU
		{77E94BD9-918F-4FAB-9093-25031BDF4CEA}.Release|Any CPU.ActiveCfg = Release|Any CPU
		{77E94BD9-918F-4FAB-9093-25031BDF4CEA}.Release|Any CPU.Build.0 = Release|Any CPU
		{9D194EAE-6868-45BA-9DEF-6B9475C9DA19}.Debug|Any CPU.ActiveCfg = Debug|Any CPU
		{9D194EAE-6868-45BA-9DEF-6B9475C9DA19}.Debug|Any CPU.Build.0 = Debug|Any CPU
		{9D194EAE-6868-45BA-9DEF-6B9475C9DA19}.Release|Any CPU.ActiveCfg = Release|Any CPU
		{9D194EAE-6868-45BA-9DEF-6B9475C9DA19}.Release|Any CPU.Build.0 = Release|Any CPU
	EndGlobalSection
	GlobalSection(SolutionProperties) = preSolution
		HideSolutionNode = FALSE
	EndGlobalSection
EndGlobal
